
Microsoft Visual Studio Solution File, Format Version 12.00
# Visual Studio Version 17
VisualStudioVersion = 17.3.32929.385
MinimumVisualStudioVersion = 10.0.40219.1
Project("{8BC9CEB8-8B4A-11D0-8D11-00A0C91BC942}") = "Catalogue 07.03", "Catalogue 07.03.vcxproj", "{A50BBF98-56E5-4AFB-AF3B-75065D39F385}"
EndProject
Global
	GlobalSection(SolutionConfigurationPlatforms) = preSolution
		Debug|x64 = Debug|x64
		Debug|x86 = Debug|x86
		Release|x64 = Release|x64
		Release|x86 = Release|x86
	EndGlobalSection
	GlobalSection(ProjectConfigurationPlatforms) = postSolution
		{A50BBF98-56E5-4AFB-AF3B-75065D39F385}.Debug|x64.ActiveCfg = Debug|x64
		{A50BBF98-56E5-4AFB-AF3B-75065D39F385}.Debug|x64.Build.0 = Debug|x64
		{A50BBF98-56E5-4AFB-AF3B-75065D39F385}.Debug|x86.ActiveCfg = Debug|Win32
		{A50BBF98-56E5-4AFB-AF3B-75065D39F385}.Debug|x86.Build.0 = Debug|Win32
		{A50BBF98-56E5-4AFB-AF3B-75065D39F385}.Release|x64.ActiveCfg = Release|x64
		{A50BBF98-56E5-4AFB-AF3B-75065D39F385}.Release|x64.Build.0 = Release|x64
		{A50BBF98-56E5-4AFB-AF3B-75065D39F385}.Release|x86.ActiveCfg = Release|Win32
		{A50BBF98-56E5-4AFB-AF3B-75065D39F385}.Release|x86.Build.0 = Release|Win32
	EndGlobalSection
	GlobalSection(SolutionProperties) = preSolution
		HideSolutionNode = FALSE
	EndGlobalSection
	GlobalSection(ExtensibilityGlobals) = postSolution
		SolutionGuid = {B0318FBB-B7A6-469B-8196-936BC6852E41}
	EndGlobalSection
EndGlobal
